// !$*UTF8*$!
{
	archiveVersion = 1;
	classes = {
	};
	objectVersion = 56;
	objects = {

/* Begin PBXBuildFile section */
		18694DB82B47D315008982E8 /* AppDelegate.swift in Sources */ = {isa = PBXBuildFile; fileRef = 18694DB72B47D315008982E8 /* AppDelegate.swift */; };
		18694DBA2B47D315008982E8 /* SceneDelegate.swift in Sources */ = {isa = PBXBuildFile; fileRef = 18694DB92B47D315008982E8 /* SceneDelegate.swift */; };
		18694DBC2B47D315008982E8 /* ViewController.swift in Sources */ = {isa = PBXBuildFile; fileRef = 18694DBB2B47D315008982E8 /* ViewController.swift */; };
		18694DBF2B47D315008982E8 /* Main.storyboard in Resources */ = {isa = PBXBuildFile; fileRef = 18694DBD2B47D315008982E8 /* Main.storyboard */; };
		18694DC12B47D315008982E8 /* Assets.xcassets in Resources */ = {isa = PBXBuildFile; fileRef = 18694DC02B47D315008982E8 /* Assets.xcassets */; };
		18694DC42B47D315008982E8 /* LaunchScreen.storyboard in Resources */ = {isa = PBXBuildFile; fileRef = 18694DC22B47D315008982E8 /* LaunchScreen.storyboard */; };
		18694DCF2B47D316008982E8 /* TokenizedSwiftAppTests.swift in Sources */ = {isa = PBXBuildFile; fileRef = 18694DCE2B47D316008982E8 /* TokenizedSwiftAppTests.swift */; };
		18694DD92B47D316008982E8 /* TokenizedSwiftAppUITests.swift in Sources */ = {isa = PBXBuildFile; fileRef = 18694DD82B47D316008982E8 /* TokenizedSwiftAppUITests.swift */; };
		18694DDB2B47D316008982E8 /* TokenizedSwiftAppUITestsLaunchTests.swift in Sources */ = {isa = PBXBuildFile; fileRef = 18694DDA2B47D316008982E8 /* TokenizedSwiftAppUITestsLaunchTests.swift */; };
		18694DE82B47D359008982E8 /* TokenizenModel.swift in Sources */ = {isa = PBXBuildFile; fileRef = 18694DE72B47D359008982E8 /* TokenizenModel.swift */; };
		18694DE92B47D520008982E8 /* TokenizenModel.swift in Sources */ = {isa = PBXBuildFile; fileRef = 18694DE72B47D359008982E8 /* TokenizenModel.swift */; };
/* End PBXBuildFile section */

/* Begin PBXContainerItemProxy section */
		18694DCB2B47D316008982E8 /* PBXContainerItemProxy */ = {
			isa = PBXContainerItemProxy;
			containerPortal = 18694DAC2B47D315008982E8 /* Project object */;
			proxyType = 1;
			remoteGlobalIDString = 18694DB32B47D315008982E8;
			remoteInfo = TokenizedSwiftApp;
		};
		18694DD52B47D316008982E8 /* PBXContainerItemProxy */ = {
			isa = PBXContainerItemProxy;
			containerPortal = 18694DAC2B47D315008982E8 /* Project object */;
			proxyType = 1;
			remoteGlobalIDString = 18694DB32B47D315008982E8;
			remoteInfo = TokenizedSwiftApp;
		};
/* End PBXContainerItemProxy section */

/* Begin PBXFileReference section */
		18694DB42B47D315008982E8 /* TokenizedSwiftApp.app */ = {isa = PBXFileReference; explicitFileType = wrapper.application; includeInIndex = 0; path = TokenizedSwiftApp.app; sourceTree = BUILT_PRODUCTS_DIR; };
		18694DB72B47D315008982E8 /* AppDelegate.swift */ = {isa = PBXFileReference; lastKnownFileType = sourcecode.swift; path = AppDelegate.swift; sourceTree = "<group>"; };
		18694DB92B47D315008982E8 /* SceneDelegate.swift */ = {isa = PBXFileReference; lastKnownFileType = sourcecode.swift; path = SceneDelegate.swift; sourceTree = "<group>"; };
		18694DBB2B47D315008982E8 /* ViewController.swift */ = {isa = PBXFileReference; lastKnownFileType = sourcecode.swift; path = ViewController.swift; sourceTree = "<group>"; };
		18694DBE2B47D315008982E8 /* Base */ = {isa = PBXFileReference; lastKnownFileType = file.storyboard; name = Base; path = Base.lproj/Main.storyboard; sourceTree = "<group>"; };
		18694DC02B47D315008982E8 /* Assets.xcassets */ = {isa = PBXFileReference; lastKnownFileType = folder.assetcatalog; path = Assets.xcassets; sourceTree = "<group>"; };
		18694DC32B47D315008982E8 /* Base */ = {isa = PBXFileReference; lastKnownFileType = file.storyboard; name = Base; path = Base.lproj/LaunchScreen.storyboard; sourceTree = "<group>"; };
		18694DC52B47D315008982E8 /* Info.plist */ = {isa = PBXFileReference; lastKnownFileType = text.plist.xml; path = Info.plist; sourceTree = "<group>"; };
		18694DCA2B47D316008982E8 /* TokenizedSwiftAppTests.xctest */ = {isa = PBXFileReference; explicitFileType = wrapper.cfbundle; includeInIndex = 0; path = TokenizedSwiftAppTests.xctest; sourceTree = BUILT_PRODUCTS_DIR; };
		18694DCE2B47D316008982E8 /* TokenizedSwiftAppTests.swift */ = {isa = PBXFileReference; lastKnownFileType = sourcecode.swift; path = TokenizedSwiftAppTests.swift; sourceTree = "<group>"; };
		18694DD42B47D316008982E8 /* TokenizedSwiftAppUITests.xctest */ = {isa = PBXFileReference; explicitFileType = wrapper.cfbundle; includeInIndex = 0; path = TokenizedSwiftAppUITests.xctest; sourceTree = BUILT_PRODUCTS_DIR; };
		18694DD82B47D316008982E8 /* TokenizedSwiftAppUITests.swift */ = {isa = PBXFileReference; lastKnownFileType = sourcecode.swift; path = TokenizedSwiftAppUITests.swift; sourceTree = "<group>"; };
		18694DDA2B47D316008982E8 /* TokenizedSwiftAppUITestsLaunchTests.swift */ = {isa = PBXFileReference; lastKnownFileType = sourcecode.swift; path = TokenizedSwiftAppUITestsLaunchTests.swift; sourceTree = "<group>"; };
		18694DE72B47D359008982E8 /* TokenizenModel.swift */ = {isa = PBXFileReference; lastKnownFileType = sourcecode.swift; path = TokenizenModel.swift; sourceTree = "<group>"; };
/* End PBXFileReference section */

/* Begin PBXFrameworksBuildPhase section */
		18694DB12B47D315008982E8 /* Frameworks */ = {
			isa = PBXFrameworksBuildPhase;
			buildActionMask = 2147483647;
			files = (
			);
			runOnlyForDeploymentPostprocessing = 0;
		};
		18694DC72B47D316008982E8 /* Frameworks */ = {
			isa = PBXFrameworksBuildPhase;
			buildActionMask = 2147483647;
			files = (
			);
			runOnlyForDeploymentPostprocessing = 0;
		};
		18694DD12B47D316008982E8 /* Frameworks */ = {
			isa = PBXFrameworksBuildPhase;
			buildActionMask = 2147483647;
			files = (
			);
			runOnlyForDeploymentPostprocessing = 0;
		};
/* End PBXFrameworksBuildPhase section */

/* Begin PBXGroup section */
		18694DAB2B47D315008982E8 = {
			isa = PBXGroup;
			children = (
				18694DB62B47D315008982E8 /* TokenizedSwiftApp */,
				18694DCD2B47D316008982E8 /* TokenizedSwiftAppTests */,
				18694DD72B47D316008982E8 /* TokenizedSwiftAppUITests */,
				18694DB52B47D315008982E8 /* Products */,
			);
			sourceTree = "<group>";
		};
		18694DB52B47D315008982E8 /* Products */ = {
			isa = PBXGroup;
			children = (
				18694DB42B47D315008982E8 /* TokenizedSwiftApp.app */,
				18694DCA2B47D316008982E8 /* TokenizedSwiftAppTests.xctest */,
				18694DD42B47D316008982E8 /* TokenizedSwiftAppUITests.xctest */,
			);
			name = Products;
			sourceTree = "<group>";
		};
		18694DB62B47D315008982E8 /* TokenizedSwiftApp */ = {
			isa = PBXGroup;
			children = (
				18694DB72B47D315008982E8 /* AppDelegate.swift */,
				18694DB92B47D315008982E8 /* SceneDelegate.swift */,
				18694DBB2B47D315008982E8 /* ViewController.swift */,
				18694DBD2B47D315008982E8 /* Main.storyboard */,
				18694DC02B47D315008982E8 /* Assets.xcassets */,
				18694DC22B47D315008982E8 /* LaunchScreen.storyboard */,
				18694DC52B47D315008982E8 /* Info.plist */,
				18694DE72B47D359008982E8 /* TokenizenModel.swift */,
			);
			path = TokenizedSwiftApp;
			sourceTree = "<group>";
		};
		18694DCD2B47D316008982E8 /* TokenizedSwiftAppTests */ = {
			isa = PBXGroup;
			children = (
				18694DCE2B47D316008982E8 /* TokenizedSwiftAppTests.swift */,
			);
			path = TokenizedSwiftAppTests;
			sourceTree = "<group>";
		};
		18694DD72B47D316008982E8 /* TokenizedSwiftAppUITests */ = {
			isa = PBXGroup;
			children = (
				18694DD82B47D316008982E8 /* TokenizedSwiftAppUITests.swift */,
				18694DDA2B47D316008982E8 /* TokenizedSwiftAppUITestsLaunchTests.swift */,
			);
			path = TokenizedSwiftAppUITests;
			sourceTree = "<group>";
		};
/* End PBXGroup section */

/* Begin PBXNativeTarget section */
		18694DB32B47D315008982E8 /* TokenizedSwiftApp */ = {
			isa = PBXNativeTarget;
			buildConfigurationList = 18694DDE2B47D316008982E8 /* Build configuration list for PBXNativeTarget "TokenizedSwiftApp" */;
			buildPhases = (
				18694DB02B47D315008982E8 /* Sources */,
				18694DB12B47D315008982E8 /* Frameworks */,
				18694DB22B47D315008982E8 /* Resources */,
			);
			buildRules = (
			);
			dependencies = (
			);
			name = TokenizedSwiftApp;
			productName = TokenizedSwiftApp;
			productReference = 18694DB42B47D315008982E8 /* TokenizedSwiftApp.app */;
			productType = "com.apple.product-type.application";
		};
		18694DC92B47D316008982E8 /* TokenizedSwiftAppTests */ = {
			isa = PBXNativeTarget;
			buildConfigurationList = 18694DE12B47D316008982E8 /* Build configuration list for PBXNativeTarget "TokenizedSwiftAppTests" */;
			buildPhases = (
				18694DC62B47D316008982E8 /* Sources */,
				18694DC72B47D316008982E8 /* Frameworks */,
				18694DC82B47D316008982E8 /* Resources */,
			);
			buildRules = (
			);
			dependencies = (
				18694DCC2B47D316008982E8 /* PBXTargetDependency */,
			);
			name = TokenizedSwiftAppTests;
			productName = TokenizedSwiftAppTests;
			productReference = 18694DCA2B47D316008982E8 /* TokenizedSwiftAppTests.xctest */;
			productType = "com.apple.product-type.bundle.unit-test";
		};
		18694DD32B47D316008982E8 /* TokenizedSwiftAppUITests */ = {
			isa = PBXNativeTarget;
			buildConfigurationList = 18694DE42B47D316008982E8 /* Build configuration list for PBXNativeTarget "TokenizedSwiftAppUITests" */;
			buildPhases = (
				18694DD02B47D316008982E8 /* Sources */,
				18694DD12B47D316008982E8 /* Frameworks */,
				18694DD22B47D316008982E8 /* Resources */,
			);
			buildRules = (
			);
			dependencies = (
				18694DD62B47D316008982E8 /* PBXTargetDependency */,
			);
			name = TokenizedSwiftAppUITests;
			productName = TokenizedSwiftAppUITests;
			productReference = 18694DD42B47D316008982E8 /* TokenizedSwiftAppUITests.xctest */;
			productType = "com.apple.product-type.bundle.ui-testing";
		};
/* End PBXNativeTarget section */

/* Begin PBXProject section */
		18694DAC2B47D315008982E8 /* Project object */ = {
			isa = PBXProject;
			attributes = {
				BuildIndependentTargetsInParallel = 1;
				LastSwiftUpdateCheck = 1510;
				LastUpgradeCheck = 1510;
				TargetAttributes = {
					18694DB32B47D315008982E8 = {
						CreatedOnToolsVersion = 15.1;
					};
					18694DC92B47D316008982E8 = {
						CreatedOnToolsVersion = 15.1;
						TestTargetID = 18694DB32B47D315008982E8;
					};
					18694DD32B47D316008982E8 = {
						CreatedOnToolsVersion = 15.1;
						TestTargetID = 18694DB32B47D315008982E8;
					};
				};
			};
			buildConfigurationList = 18694DAF2B47D315008982E8 /* Build configuration list for PBXProject "TokenizedSwiftApp" */;
			compatibilityVersion = "Xcode 14.0";
			developmentRegion = en;
			hasScannedForEncodings = 0;
			knownRegions = (
				en,
				Base,
			);
			mainGroup = 18694DAB2B47D315008982E8;
			productRefGroup = 18694DB52B47D315008982E8 /* Products */;
			projectDirPath = "";
			projectRoot = "";
			targets = (
				18694DB32B47D315008982E8 /* TokenizedSwiftApp */,
				18694DC92B47D316008982E8 /* TokenizedSwiftAppTests */,
				18694DD32B47D316008982E8 /* TokenizedSwiftAppUITests */,
			);
		};
/* End PBXProject section */

/* Begin PBXResourcesBuildPhase section */
		18694DB22B47D315008982E8 /* Resources */ = {
			isa = PBXResourcesBuildPhase;
			buildActionMask = 2147483647;
			files = (
				18694DC42B47D315008982E8 /* LaunchScreen.storyboard in Resources */,
				18694DC12B47D315008982E8 /* Assets.xcassets in Resources */,
				18694DBF2B47D315008982E8 /* Main.storyboard in Resources */,
			);
			runOnlyForDeploymentPostprocessing = 0;
		};
		18694DC82B47D316008982E8 /* Resources */ = {
			isa = PBXResourcesBuildPhase;
			buildActionMask = 2147483647;
			files = (
			);
			runOnlyForDeploymentPostprocessing = 0;
		};
		18694DD22B47D316008982E8 /* Resources */ = {
			isa = PBXResourcesBuildPhase;
			buildActionMask = 2147483647;
			files = (
			);
			runOnlyForDeploymentPostprocessing = 0;
		};
/* End PBXResourcesBuildPhase section */

/* Begin PBXSourcesBuildPhase section */
		18694DB02B47D315008982E8 /* Sources */ = {
			isa = PBXSourcesBuildPhase;
			buildActionMask = 2147483647;
			files = (
				18694DBC2B47D315008982E8 /* ViewController.swift in Sources */,
				18694DB82B47D315008982E8 /* AppDelegate.swift in Sources */,
				18694DBA2B47D315008982E8 /* SceneDelegate.swift in Sources */,
				18694DE82B47D359008982E8 /* TokenizenModel.swift in Sources */,
			);
			runOnlyForDeploymentPostprocessing = 0;
		};
		18694DC62B47D316008982E8 /* Sources */ = {
			isa = PBXSourcesBuildPhase;
			buildActionMask = 2147483647;
			files = (
				18694DCF2B47D316008982E8 /* TokenizedSwiftAppTests.swift in Sources */,
				18694DE92B47D520008982E8 /* TokenizenModel.swift in Sources */,
			);
			runOnlyForDeploymentPostprocessing = 0;
		};
		18694DD02B47D316008982E8 /* Sources */ = {
			isa = PBXSourcesBuildPhase;
			buildActionMask = 2147483647;
			files = (
				18694DDB2B47D316008982E8 /* TokenizedSwiftAppUITestsLaunchTests.swift in Sources */,
				18694DD92B47D316008982E8 /* TokenizedSwiftAppUITests.swift in Sources */,
			);
			runOnlyForDeploymentPostprocessing = 0;
		};
/* End PBXSourcesBuildPhase section */

/* Begin PBXTargetDependency section */
		18694DCC2B47D316008982E8 /* PBXTargetDependency */ = {
			isa = PBXTargetDependency;
			target = 18694DB32B47D315008982E8 /* TokenizedSwiftApp */;
			targetProxy = 18694DCB2B47D316008982E8 /* PBXContainerItemProxy */;
		};
		18694DD62B47D316008982E8 /* PBXTargetDependency */ = {
			isa = PBXTargetDependency;
			target = 18694DB32B47D315008982E8 /* TokenizedSwiftApp */;
			targetProxy = 18694DD52B47D316008982E8 /* PBXContainerItemProxy */;
		};
/* End PBXTargetDependency section */

/* Begin PBXVariantGroup section */
		18694DBD2B47D315008982E8 /* Main.storyboard */ = {
			isa = PBXVariantGroup;
			children = (
				18694DBE2B47D315008982E8 /* Base */,
			);
			name = Main.storyboard;
			sourceTree = "<group>";
		};
		18694DC22B47D315008982E8 /* LaunchScreen.storyboard */ = {
			isa = PBXVariantGroup;
			children = (
				18694DC32B47D315008982E8 /* Base */,
			);
			name = LaunchScreen.storyboard;
			sourceTree = "<group>";
		};
/* End PBXVariantGroup section */

/* Begin XCBuildConfiguration section */
		18694DDC2B47D316008982E8 /* Debug */ = {
			isa = XCBuildConfiguration;
			buildSettings = {
				ALWAYS_SEARCH_USER_PATHS = NO;
				ASSETCATALOG_COMPILER_GENERATE_SWIFT_ASSET_SYMBOL_EXTENSIONS = YES;
				CLANG_ANALYZER_NONNULL = YES;
				CLANG_ANALYZER_NUMBER_OBJECT_CONVERSION = YES_AGGRESSIVE;
				CLANG_CXX_LANGUAGE_STANDARD = "gnu++20";
				CLANG_ENABLE_MODULES = YES;
				CLANG_ENABLE_OBJC_ARC = YES;
				CLANG_ENABLE_OBJC_WEAK = YES;
				CLANG_WARN_BLOCK_CAPTURE_AUTORELEASING = YES;
				CLANG_WARN_BOOL_CONVERSION = YES;
				CLANG_WARN_COMMA = YES;
				CLANG_WARN_CONSTANT_CONVERSION = YES;
				CLANG_WARN_DEPRECATED_OBJC_IMPLEMENTATIONS = YES;
				CLANG_WARN_DIRECT_OBJC_ISA_USAGE = YES_ERROR;
				CLANG_WARN_DOCUMENTATION_COMMENTS = YES;
				CLANG_WARN_EMPTY_BODY = YES;
				CLANG_WARN_ENUM_CONVERSION = YES;
				CLANG_WARN_INFINITE_RECURSION = YES;
				CLANG_WARN_INT_CONVERSION = YES;
				CLANG_WARN_NON_LITERAL_NULL_CONVERSION = YES;
				CLANG_WARN_OBJC_IMPLICIT_RETAIN_SELF = YES;
				CLANG_WARN_OBJC_LITERAL_CONVERSION = YES;
				CLANG_WARN_OBJC_ROOT_CLASS = YES_ERROR;
				CLANG_WARN_QUOTED_INCLUDE_IN_FRAMEWORK_HEADER = YES;
				CLANG_WARN_RANGE_LOOP_ANALYSIS = YES;
				CLANG_WARN_STRICT_PROTOTYPES = YES;
				CLANG_WARN_SUSPICIOUS_MOVE = YES;
				CLANG_WARN_UNGUARDED_AVAILABILITY = YES_AGGRESSIVE;
				CLANG_WARN_UNREACHABLE_CODE = YES;
				CLANG_WARN__DUPLICATE_METHOD_MATCH = YES;
				COPY_PHASE_STRIP = NO;
				DEBUG_INFORMATION_FORMAT = dwarf;
				ENABLE_STRICT_OBJC_MSGSEND = YES;
				ENABLE_TESTABILITY = YES;
				ENABLE_USER_SCRIPT_SANDBOXING = YES;
				GCC_C_LANGUAGE_STANDARD = gnu17;
				GCC_DYNAMIC_NO_PIC = NO;
				GCC_NO_COMMON_BLOCKS = YES;
				GCC_OPTIMIZATION_LEVEL = 0;
				GCC_PREPROCESSOR_DEFINITIONS = (
					"DEBUG=1",
					"$(inherited)",
				);
				GCC_WARN_64_TO_32_BIT_CONVERSION = YES;
				GCC_WARN_ABOUT_RETURN_TYPE = YES_ERROR;
				GCC_WARN_UNDECLARED_SELECTOR = YES;
				GCC_WARN_UNINITIALIZED_AUTOS = YES_AGGRESSIVE;
				GCC_WARN_UNUSED_FUNCTION = YES;
				GCC_WARN_UNUSED_VARIABLE = YES;
				IPHONEOS_DEPLOYMENT_TARGET = 17.2;
				LOCALIZATION_PREFERS_STRING_CATALOGS = YES;
				MTL_ENABLE_DEBUG_INFO = INCLUDE_SOURCE;
				MTL_FAST_MATH = YES;
				ONLY_ACTIVE_ARCH = YES;
				SDKROOT = iphoneos;
				SWIFT_ACTIVE_COMPILATION_CONDITIONS = "DEBUG $(inherited)";
				SWIFT_OPTIMIZATION_LEVEL = "-Onone";
			};
			name = Debug;
		};
		18694DDD2B47D316008982E8 /* Release */ = {
			isa = XCBuildConfiguration;
			buildSettings = {
				ALWAYS_SEARCH_USER_PATHS = NO;
				ASSETCATALOG_COMPILER_GENERATE_SWIFT_ASSET_SYMBOL_EXTENSIONS = YES;
				CLANG_ANALYZER_NONNULL = YES;
				CLANG_ANALYZER_NUMBER_OBJECT_CONVERSION = YES_AGGRESSIVE;
				CLANG_CXX_LANGUAGE_STANDARD = "gnu++20";
				CLANG_ENABLE_MODULES = YES;
				CLANG_ENABLE_OBJC_ARC = YES;
				CLANG_ENABLE_OBJC_WEAK = YES;
				CLANG_WARN_BLOCK_CAPTURE_AUTORELEASING = YES;
				CLANG_WARN_BOOL_CONVERSION = YES;
				CLANG_WARN_COMMA = YES;
				CLANG_WARN_CONSTANT_CONVERSION = YES;
				CLANG_WARN_DEPRECATED_OBJC_IMPLEMENTATIONS = YES;
				CLANG_WARN_DIRECT_OBJC_ISA_USAGE = YES_ERROR;
				CLANG_WARN_DOCUMENTATION_COMMENTS = YES;
				CLANG_WARN_EMPTY_BODY = YES;
				CLANG_WARN_ENUM_CONVERSION = YES;
				CLANG_WARN_INFINITE_RECURSION = YES;
				CLANG_WARN_INT_CONVERSION = YES;
				CLANG_WARN_NON_LITERAL_NULL_CONVERSION = YES;
				CLANG_WARN_OBJC_IMPLICIT_RETAIN_SELF = YES;
				CLANG_WARN_OBJC_LITERAL_CONVERSION = YES;
				CLANG_WARN_OBJC_ROOT_CLASS = YES_ERROR;
				CLANG_WARN_QUOTED_INCLUDE_IN_FRAMEWORK_HEADER = YES;
				CLANG_WARN_RANGE_LOOP_ANALYSIS = YES;
				CLANG_WARN_STRICT_PROTOTYPES = YES;
				CLANG_WARN_SUSPICIOUS_MOVE = YES;
				CLANG_WARN_UNGUARDED_AVAILABILITY = YES_AGGRESSIVE;
				CLANG_WARN_UNREACHABLE_CODE = YES;
				CLANG_WARN__DUPLICATE_METHOD_MATCH = YES;
				COPY_PHASE_STRIP = NO;
				DEBUG_INFORMATION_FORMAT = "dwarf-with-dsym";
				ENABLE_NS_ASSERTIONS = NO;
				ENABLE_STRICT_OBJC_MSGSEND = YES;
				ENABLE_USER_SCRIPT_SANDBOXING = YES;
				GCC_C_LANGUAGE_STANDARD = gnu17;
				GCC_NO_COMMON_BLOCKS = YES;
				GCC_WARN_64_TO_32_BIT_CONVERSION = YES;
				GCC_WARN_ABOUT_RETURN_TYPE = YES_ERROR;
				GCC_WARN_UNDECLARED_SELECTOR = YES;
				GCC_WARN_UNINITIALIZED_AUTOS = YES_AGGRESSIVE;
				GCC_WARN_UNUSED_FUNCTION = YES;
				GCC_WARN_UNUSED_VARIABLE = YES;
				IPHONEOS_DEPLOYMENT_TARGET = 17.2;
				LOCALIZATION_PREFERS_STRING_CATALOGS = YES;
				MTL_ENABLE_DEBUG_INFO = NO;
				MTL_FAST_MATH = YES;
				SDKROOT = iphoneos;
				SWIFT_COMPILATION_MODE = wholemodule;
				VALIDATE_PRODUCT = YES;
			};
			name = Release;
		};
		18694DDF2B47D316008982E8 /* Debug */ = {
			isa = XCBuildConfiguration;
			buildSettings = {
				ASSETCATALOG_COMPILER_APPICON_NAME = AppIcon;
				ASSETCATALOG_COMPILER_GLOBAL_ACCENT_COLOR_NAME = AccentColor;
				CODE_SIGN_STYLE = Automatic;
				CURRENT_PROJECT_VERSION = 1;
				DEVELOPMENT_TEAM = J58ZDFPQ77;
				GENERATE_INFOPLIST_FILE = YES;
				INFOPLIST_FILE = TokenizedSwiftApp/Info.plist;
				INFOPLIST_KEY_UIApplicationSupportsIndirectInputEvents = YES;
				INFOPLIST_KEY_UILaunchStoryboardName = LaunchScreen;
				INFOPLIST_KEY_UIMainStoryboardFile = Main;
				INFOPLIST_KEY_UISupportedInterfaceOrientations_iPad = "UIInterfaceOrientationPortrait UIInterfaceOrientationPortraitUpsideDown UIInterfaceOrientationLandscapeLeft UIInterfaceOrientationLandscapeRight";
				INFOPLIST_KEY_UISupportedInterfaceOrientations_iPhone = "UIInterfaceOrientationPortrait UIInterfaceOrientationLandscapeLeft UIInterfaceOrientationLandscapeRight";
				LD_RUNPATH_SEARCH_PATHS = (
					"$(inherited)",
					"@executable_path/Frameworks",
				);
				MARKETING_VERSION = 1.0;
				PRODUCT_BUNDLE_IDENTIFIER = example.TokenizedSwiftApp;
				PRODUCT_NAME = "$(TARGET_NAME)";
				SWIFT_EMIT_LOC_STRINGS = YES;
				SWIFT_VERSION = 5.0;
				TARGETED_DEVICE_FAMILY = "1,2";
			};
			name = Debug;
		};
		18694DE02B47D316008982E8 /* Release */ = {
			isa = XCBuildConfiguration;
			buildSettings = {
				ASSETCATALOG_COMPILER_APPICON_NAME = AppIcon;
				ASSETCATALOG_COMPILER_GLOBAL_ACCENT_COLOR_NAME = AccentColor;
				CODE_SIGN_STYLE = Automatic;
				CURRENT_PROJECT_VERSION = 1;
				DEVELOPMENT_TEAM = J58ZDFPQ77;
				GENERATE_INFOPLIST_FILE = YES;
				INFOPLIST_FILE = TokenizedSwiftApp/Info.plist;
				INFOPLIST_KEY_UIApplicationSupportsIndirectInputEvents = YES;
				INFOPLIST_KEY_UILaunchStoryboardName = LaunchScreen;
				INFOPLIST_KEY_UIMainStoryboardFile = Main;
				INFOPLIST_KEY_UISupportedInterfaceOrientations_iPad = "UIInterfaceOrientationPortrait UIInterfaceOrientationPortraitUpsideDown UIInterfaceOrientationLandscapeLeft UIInterfaceOrientationLandscapeRight";
				INFOPLIST_KEY_UISupportedInterfaceOrientations_iPhone = "UIInterfaceOrientationPortrait UIInterfaceOrientationLandscapeLeft UIInterfaceOrientationLandscapeRight";
				LD_RUNPATH_SEARCH_PATHS = (
					"$(inherited)",
					"@executable_path/Frameworks",
				);
				MARKETING_VERSION = 1.0;
				PRODUCT_BUNDLE_IDENTIFIER = example.TokenizedSwiftApp;
				PRODUCT_NAME = "$(TARGET_NAME)";
				SWIFT_EMIT_LOC_STRINGS = YES;
				SWIFT_VERSION = 5.0;
				TARGETED_DEVICE_FAMILY = "1,2";
			};
			name = Release;
		};
		18694DE22B47D316008982E8 /* Debug */ = {
			isa = XCBuildConfiguration;
			buildSettings = {
				ALWAYS_EMBED_SWIFT_STANDARD_LIBRARIES = YES;
				BUNDLE_LOADER = "$(TEST_HOST)";
				CODE_SIGN_STYLE = Automatic;
				CURRENT_PROJECT_VERSION = 1;
				DEVELOPMENT_TEAM = J58ZDFPQ77;
				GENERATE_INFOPLIST_FILE = YES;
				IPHONEOS_DEPLOYMENT_TARGET = 17.2;
				MARKETING_VERSION = 1.0;
				PRODUCT_BUNDLE_IDENTIFIER = example.TokenizedSwiftAppTests;
				PRODUCT_NAME = "$(TARGET_NAME)";
				SWIFT_EMIT_LOC_STRINGS = NO;
				SWIFT_VERSION = 5.0;
				TARGETED_DEVICE_FAMILY = "1,2";
				TEST_HOST = "$(BUILT_PRODUCTS_DIR)/TokenizedSwiftApp.app/$(BUNDLE_EXECUTABLE_FOLDER_PATH)/TokenizedSwiftApp";
			};
			name = Debug;
		};
		18694DE32B47D316008982E8 /* Release */ = {
			isa = XCBuildConfiguration;
			buildSettings = {
				ALWAYS_EMBED_SWIFT_STANDARD_LIBRARIES = YES;
				BUNDLE_LOADER = "$(TEST_HOST)";
				CODE_SIGN_STYLE = Automatic;
				CURRENT_PROJECT_VERSION = 1;
				DEVELOPMENT_TEAM = J58ZDFPQ77;
				GENERATE_INFOPLIST_FILE = YES;
				IPHONEOS_DEPLOYMENT_TARGET = 17.2;
				MARKETING_VERSION = 1.0;
				PRODUCT_BUNDLE_IDENTIFIER = example.TokenizedSwiftAppTests;
				PRODUCT_NAME = "$(TARGET_NAME)";
				SWIFT_EMIT_LOC_STRINGS = NO;
				SWIFT_VERSION = 5.0;
				TARGETED_DEVICE_FAMILY = "1,2";
				TEST_HOST = "$(BUILT_PRODUCTS_DIR)/TokenizedSwiftApp.app/$(BUNDLE_EXECUTABLE_FOLDER_PATH)/TokenizedSwiftApp";
			};
			name = Release;
		};
		18694DE52B47D316008982E8 /* Debug */ = {
			isa = XCBuildConfiguration;
			buildSettings = {
				ALWAYS_EMBED_SWIFT_STANDARD_LIBRARIES = YES;
				CODE_SIGN_STYLE = Automatic;
				CURRENT_PROJECT_VERSION = 1;
				DEVELOPMENT_TEAM = J58ZDFPQ77;
				GENERATE_INFOPLIST_FILE = YES;
				MARKETING_VERSION = 1.0;
				PRODUCT_BUNDLE_IDENTIFIER = example.TokenizedSwiftAppUITests;
				PRODUCT_NAME = "$(TARGET_NAME)";
				SWIFT_EMIT_LOC_STRINGS = NO;
				SWIFT_VERSION = 5.0;
				TARGETED_DEVICE_FAMILY = "1,2";
				TEST_TARGET_NAME = TokenizedSwiftApp;
			};
			name = Debug;
		};
		18694DE62B47D316008982E8 /* Release */ = {
			isa = XCBuildConfiguration;
			buildSettings = {
				ALWAYS_EMBED_SWIFT_STANDARD_LIBRARIES = YES;
				CODE_SIGN_STYLE = Automatic;
				CURRENT_PROJECT_VERSION = 1;
				DEVELOPMENT_TEAM = J58ZDFPQ77;
				GENERATE_INFOPLIST_FILE = YES;
				MARKETING_VERSION = 1.0;
				PRODUCT_BUNDLE_IDENTIFIER = example.TokenizedSwiftAppUITests;
				PRODUCT_NAME = "$(TARGET_NAME)";
				SWIFT_EMIT_LOC_STRINGS = NO;
				SWIFT_VERSION = 5.0;
				TARGETED_DEVICE_FAMILY = "1,2";
				TEST_TARGET_NAME = TokenizedSwiftApp;
			};
			name = Release;
		};
/* End XCBuildConfiguration section */

/* Begin XCConfigurationList section */
		18694DAF2B47D315008982E8 /* Build configuration list for PBXProject "TokenizedSwiftApp" */ = {
			isa = XCConfigurationList;
			buildConfigurations = (
				18694DDC2B47D316008982E8 /* Debug */,
				18694DDD2B47D316008982E8 /* Release */,
			);
			defaultConfigurationIsVisible = 0;
			defaultConfigurationName = Release;
		};
		18694DDE2B47D316008982E8 /* Build configuration list for PBXNativeTarget "TokenizedSwiftApp" */ = {
			isa = XCConfigurationList;
			buildConfigurations = (
				18694DDF2B47D316008982E8 /* Debug */,
				18694DE02B47D316008982E8 /* Release */,
			);
			defaultConfigurationIsVisible = 0;
			defaultConfigurationName = Release;
		};
		18694DE12B47D316008982E8 /* Build configuration list for PBXNativeTarget "TokenizedSwiftAppTests" */ = {
			isa = XCConfigurationList;
			buildConfigurations = (
				18694DE22B47D316008982E8 /* Debug */,
				18694DE32B47D316008982E8 /* Release */,
			);
			defaultConfigurationIsVisible = 0;
			defaultConfigurationName = Release;
		};
		18694DE42B47D316008982E8 /* Build configuration list for PBXNativeTarget "TokenizedSwiftAppUITests" */ = {
			isa = XCConfigurationList;
			buildConfigurations = (
				18694DE52B47D316008982E8 /* Debug */,
				18694DE62B47D316008982E8 /* Release */,
			);
			defaultConfigurationIsVisible = 0;
			defaultConfigurationName = Release;
		};
/* End XCConfigurationList section */
	};
	rootObject = 18694DAC2B47D315008982E8 /* Project object */;
}
